github.com/entooone/go-fswiki v0.0.0-20211106161530-2222317f4a47 h1:wMwXa03amzt4wcnVhrjoBKSyzVyPbqeAH9KsDplaFEQ=
github.com/entooone/go-fswiki v0.0.0-20211106161530-2222317f4a47/go.mod h1:YTOTD0/V6mY0oRCPDsBGxWL88+fC4XbjqJXjPpcd9r8=
github.com/mattn/go-runewidth v0.0.13 h1:lTGmDsbAYt5DmK6OnoV7EuIF1wEIFAcxld6ypU4OSgU=
github.com/mattn/go-runewidth v0.0.13/go.mod h1:Jdepj2loyihRzMpdS35Xk/zdY8IAYHsh153qUoGf23w=
github.com/rivo/uniseg v0.2.0 h1:S1pD9weZBuJdFmowNwbpi7BJ8TNftyUImj/0WQi72jY=
github.com/rivo/uniseg v0.2.0/go.mod h1:J6wj4VEh+S6ZtnVlnTBMWIodfgj8LQOQFoIToxlJtxc=
